
Microsoft Visual Studio Solution File, Format Version 12.00
# Visual Studio Version 17
VisualStudioVersion = 17.1.32319.34
MinimumVisualStudioVersion = 10.0.40219.1
Project("{9A19103F-16F7-4668-BE54-9A1E7A4F7556}") = "Core", "Core\Core.csproj", "{737CB193-1CD1-452F-9AC9-B8FE1AAB688C}"
EndProject
Project("{9A19103F-16F7-4668-BE54-9A1E7A4F7556}") = "UI", "UI\UI.csproj", "{14A2FB19-CE64-40DB-AFD4-2BF92D936CD3}"
EndProject
Project("{FAE04EC0-301F-11D3-BF4B-00C04F79EFBC}") = "MazeGenerator", "MazeGenerator\MazeGenerator.csproj", "{BC82C0CC-3188-4EC1-BC4B-7331DACA168F}"
EndProject
Global
	GlobalSection(SolutionConfigurationPlatforms) = preSolution
		Debug|Any CPU = Debug|Any CPU
		Release|Any CPU = Release|Any CPU
	EndGlobalSection
	GlobalSection(ProjectConfigurationPlatforms) = postSolution
		{737CB193-1CD1-452F-9AC9-B8FE1AAB688C}.Debug|Any CPU.ActiveCfg = Debug|Any CPU
		{737CB193-1CD1-452F-9AC9-B8FE1AAB688C}.Debug|Any CPU.Build.0 = Debug|Any CPU
		{737CB193-1CD1-452F-9AC9-B8FE1AAB688C}.Release|Any CPU.ActiveCfg = Release|Any CPU
		{737CB193-1CD1-452F-9AC9-B8FE1AAB688C}.Release|Any CPU.Build.0 = Release|Any CPU
		{14A2FB19-CE64-40DB-AFD4-2BF92D936CD3}.Debug|Any CPU.ActiveCfg = Debug|Any CPU
		{14A2FB19-CE64-40DB-AFD4-2BF92D936CD3}.Debug|Any CPU.Build.0 = Debug|Any CPU
		{14A2FB19-CE64-40DB-AFD4-2BF92D936CD3}.Release|Any CPU.ActiveCfg = Release|Any CPU
		{14A2FB19-CE64-40DB-AFD4-2BF92D936CD3}.Release|Any CPU.Build.0 = Release|Any CPU
		{BC82C0CC-3188-4EC1-BC4B-7331DACA168F}.Debug|Any CPU.ActiveCfg = Debug|Any CPU
		{BC82C0CC-3188-4EC1-BC4B-7331DACA168F}.Debug|Any CPU.Build.0 = Debug|Any CPU
		{BC82C0CC-3188-4EC1-BC4B-7331DACA168F}.Release|Any CPU.ActiveCfg = Release|Any CPU
		{BC82C0CC-3188-4EC1-BC4B-7331DACA168F}.Release|Any CPU.Build.0 = Release|Any CPU
	EndGlobalSection
	GlobalSection(SolutionProperties) = preSolution
		HideSolutionNode = FALSE
	EndGlobalSection
	GlobalSection(ExtensibilityGlobals) = postSolution
		SolutionGuid = {121A7DCC-133E-4A4D-81BE-A8AB7EF5BEC2}
	EndGlobalSection
EndGlobal
